
Microsoft Visual Studio Solution File, Format Version 12.00
# Visual Studio 2012
Project("{FAE04EC0-301F-11D3-BF4B-00C04F79EFBC}") = "MMPI", "MMPI\MMPI.csproj", "{459898FA-6BDB-4A69-B3F9-635868ABACAF}"
EndProject
Global
	GlobalSection(SolutionConfigurationPlatforms) = preSolution
		Debug|Any CPU = Debug|Any CPU
		Release|Any CPU = Release|Any CPU
	EndGlobalSection
	GlobalSection(ProjectConfigurationPlatforms) = postSolution
		{459898FA-6BDB-4A69-B3F9-635868ABACAF}.Debug|Any CPU.ActiveCfg = Debug|Any CPU
		{459898FA-6BDB-4A69-B3F9-635868ABACAF}.Debug|Any CPU.Build.0 = Debug|Any CPU
		{459898FA-6BDB-4A69-B3F9-635868ABACAF}.Release|Any CPU.ActiveCfg = Release|Any CPU
		{459898FA-6BDB-4A69-B3F9-635868ABACAF}.Release|Any CPU.Build.0 = Release|Any CPU
	EndGlobalSection
	GlobalSection(SolutionProperties) = preSolution
		HideSolutionNode = FALSE
	EndGlobalSection
EndGlobal
